{
  "lockfileVersion": 1,
  "workspaces": {
    "": {
      "devDependencies": {
        "@shopify/prettier-plugin-liquid": "^1.9.3",
        "prettier-plugin-tailwindcss": "^0.6.14",
      },
    },
  },
  "packages": {
    "@shopify/liquid-html-parser": ["@shopify/liquid-html-parser@2.8.2", "", { "dependencies": { "line-column": "^1.0.2", "ohm-js": "^16.3.0" } }, "sha512-g8DRcz4wUj4Ttxm+rK1qPuvIV2/ZqlyGRcVytVMbUkrr/+eVL2yQI/jRGDMeOamkRqB3InuoOjF7nARH+o9UYQ=="],

    "@shopify/prettier-plugin-liquid": ["@shopify/prettier-plugin-liquid@1.9.3", "", { "dependencies": { "@shopify/liquid-html-parser": "^2.8.2", "html-styles": "^1.0.0" }, "peerDependencies": { "prettier": "^2.0.0 || ^3.0.0" } }, "sha512-XRRnwfONrzjW8AY/l39szH9OgCCg5Xx61QxxdrC3BT2RAqo229jomjhCEszGIUJ5YZYq1ewdyBwbvUVTUSTcTg=="],

    "html-styles": ["html-styles@1.0.0", "", {}, "sha512-cDl5dcj73oI4Hy0DSUNh54CAwslNLJRCCoO+RNkVo+sBrjA/0+7E/xzvj3zH/GxbbBLGJhE0hBe1eg+0FINC6w=="],

    "isarray": ["isarray@1.0.0", "", {}, "sha512-VLghIWNM6ELQzo7zwmcg0NmTVyWKYjvIeM83yjp0wRDTmUnrM678fQbcKBo6n2CJEF0szoG//ytg+TKla89ALQ=="],

    "isobject": ["isobject@2.1.0", "", { "dependencies": { "isarray": "1.0.0" } }, "sha512-+OUdGJlgjOBZDfxnDjYYG6zp487z0JGNQq3cYQYg5f5hKR+syHMsaztzGeml/4kGG55CSpKSpWTY+jYGgsHLgA=="],

    "line-column": ["line-column@1.0.2", "", { "dependencies": { "isarray": "^1.0.0", "isobject": "^2.0.0" } }, "sha512-Ktrjk5noGYlHsVnYWh62FLVs4hTb8A3e+vucNZMgPeAOITdshMSgv4cCZQeRDjm7+goqmo6+liZwTXo+U3sVww=="],

    "ohm-js": ["ohm-js@16.6.0", "", {}, "sha512-X9P4koSGa7swgVQ0gt71UCYtkAQGOjciJPJAz74kDxWt8nXbH5HrDOQG6qBDH7SR40ktNv4x61BwpTDE9q4lRA=="],

    "prettier": ["prettier@3.6.2", "", { "bin": { "prettier": "bin/prettier.cjs" } }, "sha512-I7AIg5boAr5R0FFtJ6rCfD+LFsWHp81dolrFD8S79U9tb8Az2nGrJncnMSnys+bpQJfRUzqs9hnA81OAA3hCuQ=="],

    "prettier-plugin-tailwindcss": ["prettier-plugin-tailwindcss@0.6.14", "", { "peerDependencies": { "@ianvs/prettier-plugin-sort-imports": "*", "@prettier/plugin-hermes": "*", "@prettier/plugin-oxc": "*", "@prettier/plugin-pug": "*", "@shopify/prettier-plugin-liquid": "*", "@trivago/prettier-plugin-sort-imports": "*", "@zackad/prettier-plugin-twig": "*", "prettier": "^3.0", "prettier-plugin-astro": "*", "prettier-plugin-css-order": "*", "prettier-plugin-import-sort": "*", "prettier-plugin-jsdoc": "*", "prettier-plugin-marko": "*", "prettier-plugin-multiline-arrays": "*", "prettier-plugin-organize-attributes": "*", "prettier-plugin-organize-imports": "*", "prettier-plugin-sort-imports": "*", "prettier-plugin-style-order": "*", "prettier-plugin-svelte": "*" }, "optionalPeers": ["@ianvs/prettier-plugin-sort-imports", "@prettier/plugin-hermes", "@prettier/plugin-oxc", "@prettier/plugin-pug", "@shopify/prettier-plugin-liquid", "@trivago/prettier-plugin-sort-imports", "@zackad/prettier-plugin-twig", "prettier-plugin-astro", "prettier-plugin-css-order", "prettier-plugin-import-sort", "prettier-plugin-jsdoc", "prettier-plugin-marko", "prettier-plugin-multiline-arrays", "prettier-plugin-organize-attributes", "prettier-plugin-organize-imports", "prettier-plugin-sort-imports", "prettier-plugin-style-order", "prettier-plugin-svelte"] }, "sha512-pi2e/+ZygeIqntN+vC573BcW5Cve8zUB0SSAGxqpB4f96boZF4M3phPVoOFCeypwkpRYdi7+jQ5YJJUwrkGUAg=="],
  }
}
