{
  "lockfileVersion": 1,
  "configVersion": 0,
  "workspaces": {
    "": {
      "devDependencies": {
        "@prettier/plugin-ruby": "^4.0.4",
        "@shopify/prettier-plugin-liquid": "^1.11.2",
        "prettier-plugin-erb": "^0.4.0",
        "prettier-plugin-tailwindcss": "^0.8.1",
      },
    },
  },
  "packages": {
    "@prettier/plugin-ruby": ["@prettier/plugin-ruby@4.0.4", "", { "peerDependencies": { "prettier": "^3.0.0" } }, "sha512-lCpvfS/dQU5WrwN3AQ5vR8qrvj2h5gE41X08NNzAAXvHdM4zwwGRcP2sHSxfu6n6No+ljWCVx95NvJPFTTjCTg=="],

    "@shopify/liquid-html-parser": ["@shopify/liquid-html-parser@2.10.2", "", { "dependencies": { "line-column": "^1.0.2" } }, "sha512-/qBtTT3tbzSFgFVMNTPhX2pPN14ShMSYTu9nzkCB1vorjNvm1G9mvgYW9jKod0mrki+TUVfMYi5d1H+QKrLnCA=="],

    "@shopify/prettier-plugin-liquid": ["@shopify/prettier-plugin-liquid@1.11.2", "", { "dependencies": { "@shopify/liquid-html-parser": "^2.10.2", "html-styles": "^1.0.0" }, "peerDependencies": { "prettier": "^2.0.0 || ^3.0.0" } }, "sha512-KTWczMeDBHSOl7eJY1pCrCJ7x5xj4o/F7212J2mOrzB6BmbjtvroARVhPgBgQ7lWF+GqSxva+uLOwR4kd4UFXg=="],

    "html-styles": ["html-styles@1.0.0", "", {}, "sha512-cDl5dcj73oI4Hy0DSUNh54CAwslNLJRCCoO+RNkVo+sBrjA/0+7E/xzvj3zH/GxbbBLGJhE0hBe1eg+0FINC6w=="],

    "isarray": ["isarray@1.0.0", "", {}, "sha512-VLghIWNM6ELQzo7zwmcg0NmTVyWKYjvIeM83yjp0wRDTmUnrM678fQbcKBo6n2CJEF0szoG//ytg+TKla89ALQ=="],

    "isobject": ["isobject@2.1.0", "", { "dependencies": { "isarray": "1.0.0" } }, "sha512-+OUdGJlgjOBZDfxnDjYYG6zp487z0JGNQq3cYQYg5f5hKR+syHMsaztzGeml/4kGG55CSpKSpWTY+jYGgsHLgA=="],

    "line-column": ["line-column@1.0.2", "", { "dependencies": { "isarray": "^1.0.0", "isobject": "^2.0.0" } }, "sha512-Ktrjk5noGYlHsVnYWh62FLVs4hTb8A3e+vucNZMgPeAOITdshMSgv4cCZQeRDjm7+goqmo6+liZwTXo+U3sVww=="],

    "prettier": ["prettier@3.9.9", "", { "bin": { "prettier": "bin/prettier.cjs" } }, "sha512-Z/CJHIkdujO/OtN7nXUii0Rf3VT5SRuhjBA82Xvu2XhBUgX3nhP67T0LHceBdQLex7OOFGTox+Q5Yg8Jk2Qivg=="],

    "prettier-html-templates": ["prettier-html-templates@0.1.0", "", { "peerDependencies": { "prettier": "^2.0.0" } }, "sha512-KdLveYzO2kJLiwUAebd5UFeKP8h3OqFhOiLbkgeIuS1WNoCRTyxW4KuyGfbh3F+Rp/2A6mipRxCq2zPi+//pmg=="],

    "prettier-plugin-erb": ["prettier-plugin-erb@0.4.0", "", { "dependencies": { "prettier-html-templates": "^0.1.0" }, "peerDependencies": { "@prettier/plugin-ruby": "^1.0.0", "prettier": ">=2.0.0 <2.3" } }, "sha512-5RAdvT5BBf29hfC8GmqiMRFiD5g4BZGZDERZHvM5ouOor2TVT0jM0ntmCzFpS2Q32OkUAGFYsRxXDoYscvToXA=="],

    "prettier-plugin-tailwindcss": ["prettier-plugin-tailwindcss@0.8.1", "", { "peerDependencies": { "@ianvs/prettier-plugin-sort-imports": "*", "@prettier/plugin-hermes": "*", "@prettier/plugin-oxc": "*", "@prettier/plugin-pug": "*", "@shopify/prettier-plugin-liquid": "*", "@trivago/prettier-plugin-sort-imports": "*", "@zackad/prettier-plugin-twig": "*", "prettier": "^3.0", "prettier-plugin-astro": "*", "prettier-plugin-css-order": "*", "prettier-plugin-jsdoc": "*", "prettier-plugin-marko": "*", "prettier-plugin-multiline-arrays": "*", "prettier-plugin-organize-attributes": "*", "prettier-plugin-organize-imports": "*", "prettier-plugin-sort-imports": "*", "prettier-plugin-svelte": "*" }, "optionalPeers": ["@ianvs/prettier-plugin-sort-imports", "@prettier/plugin-hermes", "@prettier/plugin-oxc", "@prettier/plugin-pug", "@shopify/prettier-plugin-liquid", "@trivago/prettier-plugin-sort-imports", "@zackad/prettier-plugin-twig", "prettier-plugin-astro", "prettier-plugin-css-order", "prettier-plugin-jsdoc", "prettier-plugin-marko", "prettier-plugin-multiline-arrays", "prettier-plugin-organize-attributes", "prettier-plugin-organize-imports", "prettier-plugin-sort-imports", "prettier-plugin-svelte"] }, "sha512-iaFMYqDsE4ffdDkn5qup0j5f2aCEBFZrdrZnvu9QKTlWx/iGPeQ4HHu7b7fCPMxeo9nwQBiOAh2nSypdFYWJkw=="],

    "prettier-html-templates/prettier": ["prettier@3.6.2", "", { "bin": { "prettier": "bin/prettier.cjs" } }, "sha512-I7AIg5boAr5R0FFtJ6rCfD+LFsWHp81dolrFD8S79U9tb8Az2nGrJncnMSnys+bpQJfRUzqs9hnA81OAA3hCuQ=="],

    "prettier-plugin-erb/prettier": ["prettier@3.6.2", "", { "bin": { "prettier": "bin/prettier.cjs" } }, "sha512-I7AIg5boAr5R0FFtJ6rCfD+LFsWHp81dolrFD8S79U9tb8Az2nGrJncnMSnys+bpQJfRUzqs9hnA81OAA3hCuQ=="],
  }
}
